
Microsoft Visual Studio Solution File, Format Version 12.00
# Visual Studio 2013
VisualStudioVersion = 12.0.21005.1
MinimumVisualStudioVersion = 10.0.40219.1
Project("{FAE04EC0-301F-11D3-BF4B-00C04F79EFBC}") = "odd number program", "odd number program\odd number program.csproj", "{29C7DF40-0F71-4178-93B4-E72CA57C706E}"
EndProject
Global
	GlobalSection(SolutionConfigurationPlatforms) = preSolution
		Debug|Any CPU = Debug|Any CPU
		Release|Any CPU = Release|Any CPU
	EndGlobalSection
	GlobalSection(ProjectConfigurationPlatforms) = postSolution
		{29C7DF40-0F71-4178-93B4-E72CA57C706E}.Debug|Any CPU.ActiveCfg = Debug|Any CPU
		{29C7DF40-0F71-4178-93B4-E72CA57C706E}.Debug|Any CPU.Build.0 = Debug|Any CPU
		{29C7DF40-0F71-4178-93B4-E72CA57C706E}.Release|Any CPU.ActiveCfg = Release|Any CPU
		{29C7DF40-0F71-4178-93B4-E72CA57C706E}.Release|Any CPU.Build.0 = Release|Any CPU
	EndGlobalSection
	GlobalSection(SolutionProperties) = preSolution
		HideSolutionNode = FALSE
	EndGlobalSection
EndGlobal
